// !$*UTF8*$!
{
	archiveVersion = 1;
	classes = {
	};
	objectVersion = 50;
	objects = {

/* Begin PBXBuildFile section */
		CAF9170D2609894E00FA67D0 /* Atmana_AssApp.swift in Sources */ = {isa = PBXBuildFile; fileRef = CAF9170C2609894E00FA67D0 /* Atmana_AssApp.swift */; };
		CAF9170F2609894E00FA67D0 /* ContentView.swift in Sources */ = {isa = PBXBuildFile; fileRef = CAF9170E2609894E00FA67D0 /* ContentView.swift */; };
		CAF917112609894F00FA67D0 /* Assets.xcassets in Resources */ = {isa = PBXBuildFile; fileRef = CAF917102609894F00FA67D0 /* Assets.xcassets */; };
		CAF917142609894F00FA67D0 /* Preview Assets.xcassets in Resources */ = {isa = PBXBuildFile; fileRef = CAF917132609894F00FA67D0 /* Preview Assets.xcassets */; };
		CAF9171D26099C6C00FA67D0 /* ViewModel.swift in Sources */ = {isa = PBXBuildFile; fileRef = CAF9171C26099C6C00FA67D0 /* ViewModel.swift */; };
		CAF9172026099C8900FA67D0 /* Model.swift in Sources */ = {isa = PBXBuildFile; fileRef = CAF9171F26099C8900FA67D0 /* Model.swift */; };
		CAF9172326099FB100FA67D0 /* NetworkService.swift in Sources */ = {isa = PBXBuildFile; fileRef = CAF9172226099FB100FA67D0 /* NetworkService.swift */; };
/* End PBXBuildFile section */

/* Begin PBXFileReference section */
		CAF917092609894E00FA67D0 /* Atmana_Ass.app */ = {isa = PBXFileReference; explicitFileType = wrapper.application; includeInIndex = 0; path = Atmana_Ass.app; sourceTree = BUILT_PRODUCTS_DIR; };
		CAF9170C2609894E00FA67D0 /* Atmana_AssApp.swift */ = {isa = PBXFileReference; lastKnownFileType = sourcecode.swift; path = Atmana_AssApp.swift; sourceTree = "<group>"; };
		CAF9170E2609894E00FA67D0 /* ContentView.swift */ = {isa = PBXFileReference; lastKnownFileType = sourcecode.swift; path = ContentView.swift; sourceTree = "<group>"; };
		CAF917102609894F00FA67D0 /* Assets.xcassets */ = {isa = PBXFileReference; lastKnownFileType = folder.assetcatalog; path = Assets.xcassets; sourceTree = "<group>"; };
		CAF917132609894F00FA67D0 /* Preview Assets.xcassets */ = {isa = PBXFileReference; lastKnownFileType = folder.assetcatalog; path = "Preview Assets.xcassets"; sourceTree = "<group>"; };
		CAF917152609894F00FA67D0 /* Info.plist */ = {isa = PBXFileReference; lastKnownFileType = text.plist.xml; path = Info.plist; sourceTree = "<group>"; };
		CAF9171C26099C6C00FA67D0 /* ViewModel.swift */ = {isa = PBXFileReference; lastKnownFileType = sourcecode.swift; path = ViewModel.swift; sourceTree = "<group>"; };
		CAF9171F26099C8900FA67D0 /* Model.swift */ = {isa = PBXFileReference; lastKnownFileType = sourcecode.swift; path = Model.swift; sourceTree = "<group>"; };
		CAF9172226099FB100FA67D0 /* NetworkService.swift */ = {isa = PBXFileReference; lastKnownFileType = sourcecode.swift; path = NetworkService.swift; sourceTree = "<group>"; };
/* End PBXFileReference section */

/* Begin PBXFrameworksBuildPhase section */
		CAF917062609894E00FA67D0 /* Frameworks */ = {
			isa = PBXFrameworksBuildPhase;
			buildActionMask = 2147483647;
			files = (
			);
			runOnlyForDeploymentPostprocessing = 0;
		};
/* End PBXFrameworksBuildPhase section */

/* Begin PBXGroup section */
		CAF917002609894E00FA67D0 = {
			isa = PBXGroup;
			children = (
				CAF9170B2609894E00FA67D0 /* Atmana_Ass */,
				CAF9170A2609894E00FA67D0 /* Products */,
			);
			sourceTree = "<group>";
		};
		CAF9170A2609894E00FA67D0 /* Products */ = {
			isa = PBXGroup;
			children = (
				CAF917092609894E00FA67D0 /* Atmana_Ass.app */,
			);
			name = Products;
			sourceTree = "<group>";
		};
		CAF9170B2609894E00FA67D0 /* Atmana_Ass */ = {
			isa = PBXGroup;
			children = (
				CAF9170C2609894E00FA67D0 /* Atmana_AssApp.swift */,
				CAF9170E2609894E00FA67D0 /* ContentView.swift */,
				CAF917102609894F00FA67D0 /* Assets.xcassets */,
				CAF917152609894F00FA67D0 /* Info.plist */,
				CAF917122609894F00FA67D0 /* Preview Content */,
				CAF9171C26099C6C00FA67D0 /* ViewModel.swift */,
				CAF9171F26099C8900FA67D0 /* Model.swift */,
				CAF9172226099FB100FA67D0 /* NetworkService.swift */,
			);
			path = Atmana_Ass;
			sourceTree = "<group>";
		};
		CAF917122609894F00FA67D0 /* Preview Content */ = {
			isa = PBXGroup;
			children = (
				CAF917132609894F00FA67D0 /* Preview Assets.xcassets */,
			);
			path = "Preview Content";
			sourceTree = "<group>";
		};
/* End PBXGroup section */

/* Begin PBXNativeTarget section */
		CAF917082609894E00FA67D0 /* Atmana_Ass */ = {
			isa = PBXNativeTarget;
			buildConfigurationList = CAF917182609894F00FA67D0 /* Build configuration list for PBXNativeTarget "Atmana_Ass" */;
			buildPhases = (
				CAF917052609894E00FA67D0 /* Sources */,
				CAF917062609894E00FA67D0 /* Frameworks */,
				CAF917072609894E00FA67D0 /* Resources */,
			);
			buildRules = (
			);
			dependencies = (
			);
			name = Atmana_Ass;
			productName = Atmana_Ass;
			productReference = CAF917092609894E00FA67D0 /* Atmana_Ass.app */;
			productType = "com.apple.product-type.application";
		};
/* End PBXNativeTarget section */

/* Begin PBXProject section */
		CAF917012609894E00FA67D0 /* Project object */ = {
			isa = PBXProject;
			attributes = {
				LastSwiftUpdateCheck = 1240;
				LastUpgradeCheck = 1240;
				TargetAttributes = {
					CAF917082609894E00FA67D0 = {
						CreatedOnToolsVersion = 12.4;
					};
				};
			};
			buildConfigurationList = CAF917042609894E00FA67D0 /* Build configuration list for PBXProject "Atmana_Ass" */;
			compatibilityVersion = "Xcode 9.3";
			developmentRegion = en;
			hasScannedForEncodings = 0;
			knownRegions = (
				en,
				Base,
			);
			mainGroup = CAF917002609894E00FA67D0;
			productRefGroup = CAF9170A2609894E00FA67D0 /* Products */;
			projectDirPath = "";
			projectRoot = "";
			targets = (
				CAF917082609894E00FA67D0 /* Atmana_Ass */,
			);
		};
/* End PBXProject section */

/* Begin PBXResourcesBuildPhase section */
		CAF917072609894E00FA67D0 /* Resources */ = {
			isa = PBXResourcesBuildPhase;
			buildActionMask = 2147483647;
			files = (
				CAF917142609894F00FA67D0 /* Preview Assets.xcassets in Resources */,
				CAF917112609894F00FA67D0 /* Assets.xcassets in Resources */,
			);
			runOnlyForDeploymentPostprocessing = 0;
		};
/* End PBXResourcesBuildPhase section */

/* Begin PBXSourcesBuildPhase section */
		CAF917052609894E00FA67D0 /* Sources */ = {
			isa = PBXSourcesBuildPhase;
			buildActionMask = 2147483647;
			files = (
				CAF9172326099FB100FA67D0 /* NetworkService.swift in Sources */,
				CAF9170F2609894E00FA67D0 /* ContentView.swift in Sources */,
				CAF9171D26099C6C00FA67D0 /* ViewModel.swift in Sources */,
				CAF9170D2609894E00FA67D0 /* Atmana_AssApp.swift in Sources */,
				CAF9172026099C8900FA67D0 /* Model.swift in Sources */,
			);
			runOnlyForDeploymentPostprocessing = 0;
		};
/* End PBXSourcesBuildPhase section */

/* Begin XCBuildConfiguration section */
		CAF917162609894F00FA67D0 /* Debug */ = {
			isa = XCBuildConfiguration;
			buildSettings = {
				ALWAYS_SEARCH_USER_PATHS = NO;
				CLANG_ANALYZER_NONNULL = YES;
				CLANG_ANALYZER_NUMBER_OBJECT_CONVERSION = YES_AGGRESSIVE;
				CLANG_CXX_LANGUAGE_STANDARD = "gnu++14";
				CLANG_CXX_LIBRARY = "libc++";
				CLANG_ENABLE_MODULES = YES;
				CLANG_ENABLE_OBJC_ARC = YES;
				CLANG_ENABLE_OBJC_WEAK = YES;
				CLANG_WARN_BLOCK_CAPTURE_AUTORELEASING = YES;
				CLANG_WARN_BOOL_CONVERSION = YES;
				CLANG_WARN_COMMA = YES;
				CLANG_WARN_CONSTANT_CONVERSION = YES;
				CLANG_WARN_DEPRECATED_OBJC_IMPLEMENTATIONS = YES;
				CLANG_WARN_DIRECT_OBJC_ISA_USAGE = YES_ERROR;
				CLANG_WARN_DOCUMENTATION_COMMENTS = YES;
				CLANG_WARN_EMPTY_BODY = YES;
				CLANG_WARN_ENUM_CONVERSION = YES;
				CLANG_WARN_INFINITE_RECURSION = YES;
				CLANG_WARN_INT_CONVERSION = YES;
				CLANG_WARN_NON_LITERAL_NULL_CONVERSION = YES;
				CLANG_WARN_OBJC_IMPLICIT_RETAIN_SELF = YES;
				CLANG_WARN_OBJC_LITERAL_CONVERSION = YES;
				CLANG_WARN_OBJC_ROOT_CLASS = YES_ERROR;
				CLANG_WARN_QUOTED_INCLUDE_IN_FRAMEWORK_HEADER = YES;
				CLANG_WARN_RANGE_LOOP_ANALYSIS = YES;
				CLANG_WARN_STRICT_PROTOTYPES = YES;
				CLANG_WARN_SUSPICIOUS_MOVE = YES;
				CLANG_WARN_UNGUARDED_AVAILABILITY = YES_AGGRESSIVE;
				CLANG_WARN_UNREACHABLE_CODE = YES;
				CLANG_WARN__DUPLICATE_METHOD_MATCH = YES;
				COPY_PHASE_STRIP = NO;
				DEBUG_INFORMATION_FORMAT = dwarf;
				ENABLE_STRICT_OBJC_MSGSEND = YES;
				ENABLE_TESTABILITY = YES;
				GCC_C_LANGUAGE_STANDARD = gnu11;
				GCC_DYNAMIC_NO_PIC = NO;
				GCC_NO_COMMON_BLOCKS = YES;
				GCC_OPTIMIZATION_LEVEL = 0;
				GCC_PREPROCESSOR_DEFINITIONS = (
					"DEBUG=1",
					"$(inherited)",
				);
				GCC_WARN_64_TO_32_BIT_CONVERSION = YES;
				GCC_WARN_ABOUT_RETURN_TYPE = YES_ERROR;
				GCC_WARN_UNDECLARED_SELECTOR = YES;
				GCC_WARN_UNINITIALIZED_AUTOS = YES_AGGRESSIVE;
				GCC_WARN_UNUSED_FUNCTION = YES;
				GCC_WARN_UNUSED_VARIABLE = YES;
				IPHONEOS_DEPLOYMENT_TARGET = 14.4;
				MTL_ENABLE_DEBUG_INFO = INCLUDE_SOURCE;
				MTL_FAST_MATH = YES;
				ONLY_ACTIVE_ARCH = YES;
				SDKROOT = iphoneos;
				SWIFT_ACTIVE_COMPILATION_CONDITIONS = DEBUG;
				SWIFT_OPTIMIZATION_LEVEL = "-Onone";
			};
			name = Debug;
		};
		CAF917172609894F00FA67D0 /* Release */ = {
			isa = XCBuildConfiguration;
			buildSettings = {
				ALWAYS_SEARCH_USER_PATHS = NO;
				CLANG_ANALYZER_NONNULL = YES;
				CLANG_ANALYZER_NUMBER_OBJECT_CONVERSION = YES_AGGRESSIVE;
				CLANG_CXX_LANGUAGE_STANDARD = "gnu++14";
				CLANG_CXX_LIBRARY = "libc++";
				CLANG_ENABLE_MODULES = YES;
				CLANG_ENABLE_OBJC_ARC = YES;
				CLANG_ENABLE_OBJC_WEAK = YES;
				CLANG_WARN_BLOCK_CAPTURE_AUTORELEASING = YES;
				CLANG_WARN_BOOL_CONVERSION = YES;
				CLANG_WARN_COMMA = YES;
				CLANG_WARN_CONSTANT_CONVERSION = YES;
				CLANG_WARN_DEPRECATED_OBJC_IMPLEMENTATIONS = YES;
				CLANG_WARN_DIRECT_OBJC_ISA_USAGE = YES_ERROR;
				CLANG_WARN_DOCUMENTATION_COMMENTS = YES;
				CLANG_WARN_EMPTY_BODY = YES;
				CLANG_WARN_ENUM_CONVERSION = YES;
				CLANG_WARN_INFINITE_RECURSION = YES;
				CLANG_WARN_INT_CONVERSION = YES;
				CLANG_WARN_NON_LITERAL_NULL_CONVERSION = YES;
				CLANG_WARN_OBJC_IMPLICIT_RETAIN_SELF = YES;
				CLANG_WARN_OBJC_LITERAL_CONVERSION = YES;
				CLANG_WARN_OBJC_ROOT_CLASS = YES_ERROR;
				CLANG_WARN_QUOTED_INCLUDE_IN_FRAMEWORK_HEADER = YES;
				CLANG_WARN_RANGE_LOOP_ANALYSIS = YES;
				CLANG_WARN_STRICT_PROTOTYPES = YES;
				CLANG_WARN_SUSPICIOUS_MOVE = YES;
				CLANG_WARN_UNGUARDED_AVAILABILITY = YES_AGGRESSIVE;
				CLANG_WARN_UNREACHABLE_CODE = YES;
				CLANG_WARN__DUPLICATE_METHOD_MATCH = YES;
				COPY_PHASE_STRIP = NO;
				DEBUG_INFORMATION_FORMAT = "dwarf-with-dsym";
				ENABLE_NS_ASSERTIONS = NO;
				ENABLE_STRICT_OBJC_MSGSEND = YES;
				GCC_C_LANGUAGE_STANDARD = gnu11;
				GCC_NO_COMMON_BLOCKS = YES;
				GCC_WARN_64_TO_32_BIT_CONVERSION = YES;
				GCC_WARN_ABOUT_RETURN_TYPE = YES_ERROR;
				GCC_WARN_UNDECLARED_SELECTOR = YES;
				GCC_WARN_UNINITIALIZED_AUTOS = YES_AGGRESSIVE;
				GCC_WARN_UNUSED_FUNCTION = YES;
				GCC_WARN_UNUSED_VARIABLE = YES;
				IPHONEOS_DEPLOYMENT_TARGET = 14.4;
				MTL_ENABLE_DEBUG_INFO = NO;
				MTL_FAST_MATH = YES;
				SDKROOT = iphoneos;
				SWIFT_COMPILATION_MODE = wholemodule;
				SWIFT_OPTIMIZATION_LEVEL = "-O";
				VALIDATE_PRODUCT = YES;
			};
			name = Release;
		};
		CAF917192609894F00FA67D0 /* Debug */ = {
			isa = XCBuildConfiguration;
			buildSettings = {
				ASSETCATALOG_COMPILER_APPICON_NAME = AppIcon;
				ASSETCATALOG_COMPILER_GLOBAL_ACCENT_COLOR_NAME = AccentColor;
				CODE_SIGN_STYLE = Automatic;
				DEVELOPMENT_ASSET_PATHS = "\"Atmana_Ass/Preview Content\"";
				DEVELOPMENT_TEAM = 89F3WBQAXS;
				ENABLE_PREVIEWS = YES;
				INFOPLIST_FILE = Atmana_Ass/Info.plist;
				IPHONEOS_DEPLOYMENT_TARGET = 14.0;
				LD_RUNPATH_SEARCH_PATHS = (
					"$(inherited)",
					"@executable_path/Frameworks",
				);
				PRODUCT_BUNDLE_IDENTIFIER = "katla.sai.naveen.cycle.Atmana-Ass";
				PRODUCT_NAME = "$(TARGET_NAME)";
				SWIFT_VERSION = 5.0;
				TARGETED_DEVICE_FAMILY = "1,2";
			};
			name = Debug;
		};
		CAF9171A2609894F00FA67D0 /* Release */ = {
			isa = XCBuildConfiguration;
			buildSettings = {
				ASSETCATALOG_COMPILER_APPICON_NAME = AppIcon;
				ASSETCATALOG_COMPILER_GLOBAL_ACCENT_COLOR_NAME = AccentColor;
				CODE_SIGN_STYLE = Automatic;
				DEVELOPMENT_ASSET_PATHS = "\"Atmana_Ass/Preview Content\"";
				DEVELOPMENT_TEAM = 89F3WBQAXS;
				ENABLE_PREVIEWS = YES;
				INFOPLIST_FILE = Atmana_Ass/Info.plist;
				IPHONEOS_DEPLOYMENT_TARGET = 14.0;
				LD_RUNPATH_SEARCH_PATHS = (
					"$(inherited)",
					"@executable_path/Frameworks",
				);
				PRODUCT_BUNDLE_IDENTIFIER = "katla.sai.naveen.cycle.Atmana-Ass";
				PRODUCT_NAME = "$(TARGET_NAME)";
				SWIFT_VERSION = 5.0;
				TARGETED_DEVICE_FAMILY = "1,2";
			};
			name = Release;
		};
/* End XCBuildConfiguration section */

/* Begin XCConfigurationList section */
		CAF917042609894E00FA67D0 /* Build configuration list for PBXProject "Atmana_Ass" */ = {
			isa = XCConfigurationList;
			buildConfigurations = (
				CAF917162609894F00FA67D0 /* Debug */,
				CAF917172609894F00FA67D0 /* Release */,
			);
			defaultConfigurationIsVisible = 0;
			defaultConfigurationName = Release;
		};
		CAF917182609894F00FA67D0 /* Build configuration list for PBXNativeTarget "Atmana_Ass" */ = {
			isa = XCConfigurationList;
			buildConfigurations = (
				CAF917192609894F00FA67D0 /* Debug */,
				CAF9171A2609894F00FA67D0 /* Release */,
			);
			defaultConfigurationIsVisible = 0;
			defaultConfigurationName = Release;
		};
/* End XCConfigurationList section */
	};
	rootObject = CAF917012609894E00FA67D0 /* Project object */;
}
